{
  "name": "deskvideosys",
  "version": "8.1.0",
  "lockfileVersion": 1,
  "requires": true,
  "dependencies": {
    "@liveqing/liveplayer": {
      "version": "2.1.8",
      "resolved": "https://r.cnpmjs.org/@liveqing/liveplayer/download/@liveqing/liveplayer-2.1.8.tgz",
      "integrity": "sha1-PG++f50rNkRxm3eXLpMnba1YSkw=",
      "dev": true
    },
    "@nodelib/fs.scandir": {
      "version": "2.1.3",
      "resolved": "https://r.cnpmjs.org/@nodelib/fs.scandir/download/@nodelib/fs.scandir-2.1.3.tgz",
      "integrity": "sha1-Olgr21OATGum0UZXnEblITDPSjs=",
      "dev": true,
      "requires": {
        "@nodelib/fs.stat": "2.0.3",
        "run-parallel": "^1.1.9"
      }
    },
    "@nodelib/fs.stat": {
      "version": "2.0.3",
      "resolved": "https://r.cnpmjs.org/@nodelib/fs.stat/download/@nodelib/fs.stat-2.0.3.tgz",
      "integrity": "sha1-NNxfTKu8cg9OYPdadH5+zWwXW9M=",
      "dev": true
    },
    "@nodelib/fs.walk": {
      "version": "1.2.4",
      "resolved": "https://r.cnpmjs.org/@nodelib/fs.walk/download/@nodelib/fs.walk-1.2.4.tgz",
      "integrity": "sha1-ARuSAqcKY2bkNspcBlhEUoqwSXY=",
      "dev": true,
      "requires": {
        "@nodelib/fs.scandir": "2.1.3",
        "fastq": "^1.6.0"
      }
    },
    "@npmcli/move-file": {
      "version": "1.0.1",
      "resolved": "https://r.cnpmjs.org/@npmcli/move-file/download/@npmcli/move-file-1.0.1.tgz",
      "integrity": "sha1-3hAwcNrA9IzknPZpPCOvWcD3BGQ=",
      "dev": true,
      "requires": {
        "mkdirp": "^1.0.4"
      }
    },
    "@types/json-schema": {
      "version": "7.0.6",
      "resolved": "https://r.cnpmjs.org/@types/json-schema/download/@types/json-schema-7.0.6.tgz",
      "integrity": "sha1-9MfsQ+gbMZqYFRFQMXCfJph4kfA=",
      "dev": true
    },
    "aes-decrypter": {
      "version": "1.0.3",
      "resolved": "https://r.cnpmjs.org/aes-decrypter/download/aes-decrypter-1.0.3.tgz",
      "integrity": "sha1-nAa4pUNaWtCduTP4oBSvzxhMw04=",
      "requires": {
        "pkcs7": "^0.2.3"
      }
    },
    "aggregate-error": {
      "version": "3.1.0",
      "resolved": "https://r.cnpmjs.org/aggregate-error/download/aggregate-error-3.1.0.tgz",
      "integrity": "sha1-kmcP9Q9TWb23o+DUDQ7DDFc3aHo=",
      "dev": true,
      "requires": {
        "clean-stack": "^2.0.0",
        "indent-string": "^4.0.0"
      }
    },
    "ajv": {
      "version": "6.12.6",
      "resolved": "https://r.cnpmjs.org/ajv/download/ajv-6.12.6.tgz",
      "integrity": "sha1-uvWmLoArB9l3A0WG+MO69a3ybfQ=",
      "dev": true,
      "requires": {
        "fast-deep-equal": "^3.1.1",
        "fast-json-stable-stringify": "^2.0.0",
        "json-schema-traverse": "^0.4.1",
        "uri-js": "^4.2.2"
      }
    },
    "ajv-keywords": {
      "version": "3.5.2",
      "resolved": "https://r.cnpmjs.org/ajv-keywords/download/ajv-keywords-3.5.2.tgz",
      "integrity": "sha1-MfKdpatuANHC0yms97WSlhTVAU0=",
      "dev": true
    },
    "array-union": {
      "version": "2.1.0",
      "resolved": "https://r.cnpmjs.org/array-union/download/array-union-2.1.0.tgz",
      "integrity": "sha1-t5hCCtvrHego2ErNii4j0+/oXo0=",
      "dev": true
    },
    "babel-runtime": {
      "version": "6.26.0",
      "resolved": "https://r.cnpmjs.org/babel-runtime/download/babel-runtime-6.26.0.tgz",
      "integrity": "sha1-llxwWGaOgrVde/4E/yM3vItWR/4=",
      "requires": {
        "core-js": "^2.4.0",
        "regenerator-runtime": "^0.11.0"
      }
    },
    "balanced-match": {
      "version": "1.0.0",
      "resolved": "https://r.cnpmjs.org/balanced-match/download/balanced-match-1.0.0.tgz",
      "integrity": "sha1-ibTRmasr7kneFk6gK4nORi1xt2c=",
      "dev": true
    },
    "big.js": {
      "version": "5.2.2",
      "resolved": "https://r.cnpmjs.org/big.js/download/big.js-5.2.2.tgz",
      "integrity": "sha1-ZfCvOC9Xi83HQr2cKB6cstd2gyg=",
      "dev": true
    },
    "brace-expansion": {
      "version": "1.1.11",
      "resolved": "https://r.cnpmjs.org/brace-expansion/download/brace-expansion-1.1.11.tgz",
      "integrity": "sha1-PH/L9SnYcibz0vUrlm/1Jx60Qd0=",
      "dev": true,
      "requires": {
        "balanced-match": "^1.0.0",
        "concat-map": "0.0.1"
      }
    },
    "braces": {
      "version": "3.0.2",
      "resolved": "https://r.cnpmjs.org/braces/download/braces-3.0.2.tgz",
      "integrity": "sha1-NFThpGLujVmeI23zNs2epPiv4Qc=",
      "dev": true,
      "requires": {
        "fill-range": "^7.0.1"
      }
    },
    "cacache": {
      "version": "15.0.5",
      "resolved": "https://r.cnpmjs.org/cacache/download/cacache-15.0.5.tgz",
      "integrity": "sha1-aRYoM9opFw1nMjNGQ8YOAF9fF9A=",
      "dev": true,
      "requires": {
        "@npmcli/move-file": "^1.0.1",
        "chownr": "^2.0.0",
        "fs-minipass": "^2.0.0",
        "glob": "^7.1.4",
        "infer-owner": "^1.0.4",
        "lru-cache": "^6.0.0",
        "minipass": "^3.1.1",
        "minipass-collect": "^1.0.2",
        "minipass-flush": "^1.0.5",
        "minipass-pipeline": "^1.2.2",
        "mkdirp": "^1.0.3",
        "p-map": "^4.0.0",
        "promise-inflight": "^1.0.1",
        "rimraf": "^3.0.2",
        "ssri": "^8.0.0",
        "tar": "^6.0.2",
        "unique-filename": "^1.1.1"
      }
    },
    "chownr": {
      "version": "2.0.0",
      "resolved": "https://r.cnpmjs.org/chownr/download/chownr-2.0.0.tgz",
      "integrity": "sha1-Fb++U9LqtM9w8YqM1o6+Wzyx3s4=",
      "dev": true
    },
    "clean-stack": {
      "version": "2.2.0",
      "resolved": "https://r.cnpmjs.org/clean-stack/download/clean-stack-2.2.0.tgz",
      "integrity": "sha1-7oRy27Ep5yezHooQpCfe6d/kAIs=",
      "dev": true
    },
    "commondir": {
      "version": "1.0.1",
      "resolved": "https://r.cnpmjs.org/commondir/download/commondir-1.0.1.tgz",
      "integrity": "sha1-3dgA2gxmEnOTzKWVDqloo6rxJTs=",
      "dev": true
    },
    "concat-map": {
      "version": "0.0.1",
      "resolved": "https://r.cnpmjs.org/concat-map/download/concat-map-0.0.1.tgz",
      "integrity": "sha1-2Klr13/Wjfd5OnMDajug1UBdR3s=",
      "dev": true
    },
    "copy-webpack-plugin": {
      "version": "6.2.1",
      "resolved": "https://r.cnpmjs.org/copy-webpack-plugin/download/copy-webpack-plugin-6.2.1.tgz",
      "integrity": "sha1-gBXk1cXmN6t7Ocdtqp4Dx6S/GuU=",
      "dev": true,
      "requires": {
        "cacache": "^15.0.5",
        "fast-glob": "^3.2.4",
        "find-cache-dir": "^3.3.1",
        "glob-parent": "^5.1.1",
        "globby": "^11.0.1",
        "loader-utils": "^2.0.0",
        "normalize-path": "^3.0.0",
        "p-limit": "^3.0.2",
        "schema-utils": "^3.0.0",
        "serialize-javascript": "^5.0.1",
        "webpack-sources": "^1.4.3"
      }
    },
    "core-js": {
      "version": "2.6.11",
      "resolved": "https://r.cnpmjs.org/core-js/download/core-js-2.6.11.tgz",
      "integrity": "sha1-OIMUafmSK97Y7iHJ3EaYXgOZMIw="
    },
    "dir-glob": {
      "version": "3.0.1",
      "resolved": "https://r.cnpmjs.org/dir-glob/download/dir-glob-3.0.1.tgz",
      "integrity": "sha1-Vtv3PZkqSpO6FYT0U0Bj/S5BcX8=",
      "dev": true,
      "requires": {
        "path-type": "^4.0.0"
      }
    },
    "dom-walk": {
      "version": "0.1.2",
      "resolved": "https://r.cnpmjs.org/dom-walk/download/dom-walk-0.1.2.tgz",
      "integrity": "sha1-DFSL7wSPTR8qlySQAiNgYNqj/YQ="
    },
    "easy-player": {
      "version": "2.2.7",
      "resolved": "https://r.cnpmjs.org/easy-player/download/easy-player-2.2.7.tgz",
      "integrity": "sha1-lx29/rbzS3pDLjxHZxpYeb0fZrw="
    },
    "emojis-list": {
      "version": "3.0.0",
      "resolved": "https://r.cnpmjs.org/emojis-list/download/emojis-list-3.0.0.tgz",
      "integrity": "sha1-VXBmIEatKeLpFucariYKvf9Pang=",
      "dev": true
    },
    "es5-shim": {
      "version": "4.5.14",
      "resolved": "https://r.cnpmjs.org/es5-shim/download/es5-shim-4.5.14.tgz",
      "integrity": "sha1-kACeEBnQ6jJ0R8tSPer/j+RWl+8="
    },
    "fast-deep-equal": {
      "version": "3.1.3",
      "resolved": "https://r.cnpmjs.org/fast-deep-equal/download/fast-deep-equal-3.1.3.tgz",
      "integrity": "sha1-On1WtVnWy8PrUSMlJE5hmmXGxSU=",
      "dev": true
    },
    "fast-glob": {
      "version": "3.2.4",
      "resolved": "https://r.cnpmjs.org/fast-glob/download/fast-glob-3.2.4.tgz",
      "integrity": "sha1-0grvv5lXk4Pn88xmUpFYybmFVNM=",
      "dev": true,
      "requires": {
        "@nodelib/fs.stat": "^2.0.2",
        "@nodelib/fs.walk": "^1.2.3",
        "glob-parent": "^5.1.0",
        "merge2": "^1.3.0",
        "micromatch": "^4.0.2",
        "picomatch": "^2.2.1"
      }
    },
    "fast-json-stable-stringify": {
      "version": "2.1.0",
      "resolved": "https://r.cnpmjs.org/fast-json-stable-stringify/download/fast-json-stable-stringify-2.1.0.tgz",
      "integrity": "sha1-h0v2nG9ATCtdmcSBNBOZ/VWJJjM=",
      "dev": true
    },
    "fastq": {
      "version": "1.8.0",
      "resolved": "https://r.cnpmjs.org/fastq/download/fastq-1.8.0.tgz",
      "integrity": "sha1-VQ4fn1m7xl/hhctqm02VNXEH9IE=",
      "dev": true,
      "requires": {
        "reusify": "^1.0.4"
      }
    },
    "fill-range": {
      "version": "7.0.1",
      "resolved": "https://r.cnpmjs.org/fill-range/download/fill-range-7.0.1.tgz",
      "integrity": "sha1-GRmmp8df44ssfHflGYU12prN2kA=",
      "dev": true,
      "requires": {
        "to-regex-range": "^5.0.1"
      }
    },
    "find-cache-dir": {
      "version": "3.3.1",
      "resolved": "https://r.cnpmjs.org/find-cache-dir/download/find-cache-dir-3.3.1.tgz",
      "integrity": "sha1-ibM/rUpGcNqpT4Vff74x1thP6IA=",
      "dev": true,
      "requires": {
        "commondir": "^1.0.1",
        "make-dir": "^3.0.2",
        "pkg-dir": "^4.1.0"
      }
    },
    "find-up": {
      "version": "4.1.0",
      "resolved": "https://r.cnpmjs.org/find-up/download/find-up-4.1.0.tgz",
      "integrity": "sha1-l6/n1s3AvFkoWEt8jXsW6KmqXRk=",
      "dev": true,
      "requires": {
        "locate-path": "^5.0.0",
        "path-exists": "^4.0.0"
      }
    },
    "fs-minipass": {
      "version": "2.1.0",
      "resolved": "https://r.cnpmjs.org/fs-minipass/download/fs-minipass-2.1.0.tgz",
      "integrity": "sha1-f1A2/b8SxjwWkZDL5BmchSJx+fs=",
      "dev": true,
      "requires": {
        "minipass": "^3.0.0"
      }
    },
    "fs.realpath": {
      "version": "1.0.0",
      "resolved": "https://r.cnpmjs.org/fs.realpath/download/fs.realpath-1.0.0.tgz",
      "integrity": "sha1-FQStJSMVjKpA20onh8sBQRmU6k8=",
      "dev": true
    },
    "glob": {
      "version": "7.1.6",
      "resolved": "https://r.cnpmjs.org/glob/download/glob-7.1.6.tgz",
      "integrity": "sha1-FB8zuBp8JJLhJVlDB0gMRmeSeKY=",
      "dev": true,
      "requires": {
        "fs.realpath": "^1.0.0",
        "inflight": "^1.0.4",
        "inherits": "2",
        "minimatch": "^3.0.4",
        "once": "^1.3.0",
        "path-is-absolute": "^1.0.0"
      }
    },
    "glob-parent": {
      "version": "5.1.1",
      "resolved": "https://r.cnpmjs.org/glob-parent/download/glob-parent-5.1.1.tgz",
      "integrity": "sha1-tsHvQXxOVmPqSY8cRa+saRa7wik=",
      "dev": true,
      "requires": {
        "is-glob": "^4.0.1"
      }
    },
    "global": {
      "version": "4.4.0",
      "resolved": "https://r.cnpmjs.org/global/download/global-4.4.0.tgz",
      "integrity": "sha1-PnsQUXkAajI+1xqvyj6cV6XMZAY=",
      "requires": {
        "min-document": "^2.19.0",
        "process": "^0.11.10"
      }
    },
    "globby": {
      "version": "11.0.1",
      "resolved": "https://r.cnpmjs.org/globby/download/globby-11.0.1.tgz",
      "integrity": "sha1-mivxB6Bo8//qvEmtcCx57ejP01c=",
      "dev": true,
      "requires": {
        "array-union": "^2.1.0",
        "dir-glob": "^3.0.1",
        "fast-glob": "^3.1.1",
        "ignore": "^5.1.4",
        "merge2": "^1.3.0",
        "slash": "^3.0.0"
      }
    },
    "ignore": {
      "version": "5.1.8",
      "resolved": "https://r.cnpmjs.org/ignore/download/ignore-5.1.8.tgz",
      "integrity": "sha1-8VCotQo0KJsz4i9YiavU2AFvDlc=",
      "dev": true
    },
    "imurmurhash": {
      "version": "0.1.4",
      "resolved": "https://r.cnpmjs.org/imurmurhash/download/imurmurhash-0.1.4.tgz",
      "integrity": "sha1-khi5srkoojixPcT7a21XbyMUU+o=",
      "dev": true
    },
    "indent-string": {
      "version": "4.0.0",
      "resolved": "https://r.cnpmjs.org/indent-string/download/indent-string-4.0.0.tgz",
      "integrity": "sha1-Yk+PRJfWGbLZdoUx1Y9BIoVNclE=",
      "dev": true
    },
    "individual": {
      "version": "2.0.0",
      "resolved": "https://r.cnpmjs.org/individual/download/individual-2.0.0.tgz",
      "integrity": "sha1-gzsJfa0jKU52EXqY+zjg2a1hu5c="
    },
    "infer-owner": {
      "version": "1.0.4",
      "resolved": "https://r.cnpmjs.org/infer-owner/download/infer-owner-1.0.4.tgz",
      "integrity": "sha1-xM78qo5RBRwqQLos6KPScpWvlGc=",
      "dev": true
    },
    "inflight": {
      "version": "1.0.6",
      "resolved": "https://r.cnpmjs.org/inflight/download/inflight-1.0.6.tgz",
      "integrity": "sha1-Sb1jMdfQLQwJvJEKEHW6gWW1bfk=",
      "dev": true,
      "requires": {
        "once": "^1.3.0",
        "wrappy": "1"
      }
    },
    "inherits": {
      "version": "2.0.4",
      "resolved": "https://r.cnpmjs.org/inherits/download/inherits-2.0.4.tgz",
      "integrity": "sha1-D6LGT5MpF8NDOg3tVTY6rjdBa3w=",
      "dev": true
    },
    "is-extglob": {
      "version": "2.1.1",
      "resolved": "https://r.cnpmjs.org/is-extglob/download/is-extglob-2.1.1.tgz",
      "integrity": "sha1-qIwCU1eR8C7TfHahueqXc8gz+MI=",
      "dev": true
    },
    "is-function": {
      "version": "1.0.2",
      "resolved": "https://r.cnpmjs.org/is-function/download/is-function-1.0.2.tgz",
      "integrity": "sha1-Twl/MKv2762smDOxfKXcA/gUTgg="
    },
    "is-glob": {
      "version": "4.0.1",
      "resolved": "https://r.cnpmjs.org/is-glob/download/is-glob-4.0.1.tgz",
      "integrity": "sha1-dWfb6fL14kZ7x3q4PEopSCQHpdw=",
      "dev": true,
      "requires": {
        "is-extglob": "^2.1.1"
      }
    },
    "is-number": {
      "version": "7.0.0",
      "resolved": "https://r.cnpmjs.org/is-number/download/is-number-7.0.0.tgz",
      "integrity": "sha1-dTU0W4lnNNX4DE0GxQlVUnoU8Ss=",
      "dev": true
    },
    "json-schema-traverse": {
      "version": "0.4.1",
      "resolved": "https://r.cnpmjs.org/json-schema-traverse/download/json-schema-traverse-0.4.1.tgz",
      "integrity": "sha1-afaofZUTq4u4/mO9sJecRI5oRmA=",
      "dev": true
    },
    "json5": {
      "version": "2.1.3",
      "resolved": "https://r.cnpmjs.org/json5/download/json5-2.1.3.tgz",
      "integrity": "sha1-ybD3+pIzv+WAf+ZvzzpWF+1ZfUM=",
      "dev": true,
      "requires": {
        "minimist": "^1.2.5"
      }
    },
    "loader-utils": {
      "version": "2.0.0",
      "resolved": "https://r.cnpmjs.org/loader-utils/download/loader-utils-2.0.0.tgz",
      "integrity": "sha1-5MrOW4FtQloWa18JfhDNErNgZLA=",
      "dev": true,
      "requires": {
        "big.js": "^5.2.2",
        "emojis-list": "^3.0.0",
        "json5": "^2.1.2"
      }
    },
    "locate-path": {
      "version": "5.0.0",
      "resolved": "https://r.cnpmjs.org/locate-path/download/locate-path-5.0.0.tgz",
      "integrity": "sha1-Gvujlq/WdqbUJQTQpno6frn2KqA=",
      "dev": true,
      "requires": {
        "p-locate": "^4.1.0"
      }
    },
    "lru-cache": {
      "version": "6.0.0",
      "resolved": "https://r.cnpmjs.org/lru-cache/download/lru-cache-6.0.0.tgz",
      "integrity": "sha1-bW/mVw69lqr5D8rR2vo7JWbbOpQ=",
      "dev": true,
      "requires": {
        "yallist": "^4.0.0"
      }
    },
    "m3u8-parser": {
      "version": "2.1.0",
      "resolved": "https://r.cnpmjs.org/m3u8-parser/download/m3u8-parser-2.1.0.tgz",
      "integrity": "sha1-yBcDKewc1RXQ1Yu4t2LamJbLA2g="
    },
    "make-dir": {
      "version": "3.1.0",
      "resolved": "https://r.cnpmjs.org/make-dir/download/make-dir-3.1.0.tgz",
      "integrity": "sha1-QV6WcEazp/HRhSd9hKpYIDcmoT8=",
      "dev": true,
      "requires": {
        "semver": "^6.0.0"
      }
    },
    "merge2": {
      "version": "1.4.1",
      "resolved": "https://r.cnpmjs.org/merge2/download/merge2-1.4.1.tgz",
      "integrity": "sha1-Q2iJL4hekHRVpv19xVwMnUBJkK4=",
      "dev": true
    },
    "micromatch": {
      "version": "4.0.2",
      "resolved": "https://r.cnpmjs.org/micromatch/download/micromatch-4.0.2.tgz",
      "integrity": "sha1-T8sJmb+fvC/L3SEvbWKbmlbDklk=",
      "dev": true,
      "requires": {
        "braces": "^3.0.1",
        "picomatch": "^2.0.5"
      }
    },
    "min-document": {
      "version": "2.19.0",
      "resolved": "https://r.cnpmjs.org/min-document/download/min-document-2.19.0.tgz",
      "integrity": "sha1-e9KC4/WELtKVu3SM3Z8f+iyCRoU=",
      "requires": {
        "dom-walk": "^0.1.0"
      }
    },
    "minimatch": {
      "version": "3.0.4",
      "resolved": "https://r.cnpmjs.org/minimatch/download/minimatch-3.0.4.tgz",
      "integrity": "sha1-UWbihkV/AzBgZL5Ul+jbsMPTIIM=",
      "dev": true,
      "requires": {
        "brace-expansion": "^1.1.7"
      }
    },
    "minimist": {
      "version": "1.2.5",
      "resolved": "https://r.cnpmjs.org/minimist/download/minimist-1.2.5.tgz",
      "integrity": "sha1-Z9ZgFLZqaoqqDAg8X9WN9OTpdgI=",
      "dev": true
    },
    "minipass": {
      "version": "3.1.3",
      "resolved": "https://r.cnpmjs.org/minipass/download/minipass-3.1.3.tgz",
      "integrity": "sha1-fUL/HzljVILhX5zbUxhN7r1YFf0=",
      "dev": true,
      "requires": {
        "yallist": "^4.0.0"
      }
    },
    "minipass-collect": {
      "version": "1.0.2",
      "resolved": "https://r.cnpmjs.org/minipass-collect/download/minipass-collect-1.0.2.tgz",
      "integrity": "sha1-IrgTv3Rdxu26JXa5QAIq1u3Ixhc=",
      "dev": true,
      "requires": {
        "minipass": "^3.0.0"
      }
    },
    "minipass-flush": {
      "version": "1.0.5",
      "resolved": "https://r.cnpmjs.org/minipass-flush/download/minipass-flush-1.0.5.tgz",
      "integrity": "sha1-gucTXX6JpQ/+ZGEKeHlTxMTLs3M=",
      "dev": true,
      "requires": {
        "minipass": "^3.0.0"
      }
    },
    "minipass-pipeline": {
      "version": "1.2.4",
      "resolved": "https://r.cnpmjs.org/minipass-pipeline/download/minipass-pipeline-1.2.4.tgz",
      "integrity": "sha1-aEcveXEcCEZXwGfFxq2Tzd6oIUw=",
      "dev": true,
      "requires": {
        "minipass": "^3.0.0"
      }
    },
    "minizlib": {
      "version": "2.1.2",
      "resolved": "https://r.cnpmjs.org/minizlib/download/minizlib-2.1.2.tgz",
      "integrity": "sha1-6Q00Zrogm5MkUVCKEc49NjIUWTE=",
      "dev": true,
      "requires": {
        "minipass": "^3.0.0",
        "yallist": "^4.0.0"
      }
    },
    "mkdirp": {
      "version": "1.0.4",
      "resolved": "https://r.cnpmjs.org/mkdirp/download/mkdirp-1.0.4.tgz",
      "integrity": "sha1-PrXtYmInVteaXw4qIh3+utdcL34=",
      "dev": true
    },
    "mux.js": {
      "version": "4.3.2",
      "resolved": "https://r.cnpmjs.org/mux.js/download/mux.js-4.3.2.tgz",
      "integrity": "sha1-V21TffA33F7DXsExa5SNgV01whA="
    },
    "normalize-path": {
      "version": "3.0.0",
      "resolved": "https://r.cnpmjs.org/normalize-path/download/normalize-path-3.0.0.tgz",
      "integrity": "sha1-Dc1p/yOhybEf0JeDFmRKA4ghamU=",
      "dev": true
    },
    "once": {
      "version": "1.4.0",
      "resolved": "https://r.cnpmjs.org/once/download/once-1.4.0.tgz",
      "integrity": "sha1-WDsap3WWHUsROsF9nFC6753Xa9E=",
      "dev": true,
      "requires": {
        "wrappy": "1"
      }
    },
    "p-limit": {
      "version": "3.0.2",
      "resolved": "https://r.cnpmjs.org/p-limit/download/p-limit-3.0.2.tgz",
      "integrity": "sha1-FmTgEK88rcaBuq/T4qQ3vnsPtf4=",
      "dev": true,
      "requires": {
        "p-try": "^2.0.0"
      }
    },
    "p-locate": {
      "version": "4.1.0",
      "resolved": "https://r.cnpmjs.org/p-locate/download/p-locate-4.1.0.tgz",
      "integrity": "sha1-o0KLtwiLOmApL2aRkni3wpetTwc=",
      "dev": true,
      "requires": {
        "p-limit": "^2.2.0"
      },
      "dependencies": {
        "p-limit": {
          "version": "2.3.0",
          "resolved": "https://r.cnpmjs.org/p-limit/download/p-limit-2.3.0.tgz",
          "integrity": "sha1-PdM8ZHohT9//2DWTPrCG2g3CHbE=",
          "dev": true,
          "requires": {
            "p-try": "^2.0.0"
          }
        }
      }
    },
    "p-map": {
      "version": "4.0.0",
      "resolved": "https://r.cnpmjs.org/p-map/download/p-map-4.0.0.tgz",
      "integrity": "sha1-uy+Vpe2i7BaOySdOBqdHw+KQTSs=",
      "dev": true,
      "requires": {
        "aggregate-error": "^3.0.0"
      }
    },
    "p-try": {
      "version": "2.2.0",
      "resolved": "https://r.cnpmjs.org/p-try/download/p-try-2.2.0.tgz",
      "integrity": "sha1-yyhoVA4xPWHeWPr741zpAE1VQOY=",
      "dev": true
    },
    "parse-headers": {
      "version": "2.0.3",
      "resolved": "https://r.cnpmjs.org/parse-headers/download/parse-headers-2.0.3.tgz",
      "integrity": "sha1-Xo51Ejg9FAugLwx6qfSbQ5nJJRU="
    },
    "path-exists": {
      "version": "4.0.0",
      "resolved": "https://r.cnpmjs.org/path-exists/download/path-exists-4.0.0.tgz",
      "integrity": "sha1-UTvb4tO5XXdi6METfvoZXGxhtbM=",
      "dev": true
    },
    "path-is-absolute": {
      "version": "1.0.1",
      "resolved": "https://r.cnpmjs.org/path-is-absolute/download/path-is-absolute-1.0.1.tgz",
      "integrity": "sha1-F0uSaHNVNP+8es5r9TpanhtcX18=",
      "dev": true
    },
    "path-type": {
      "version": "4.0.0",
      "resolved": "https://r.cnpmjs.org/path-type/download/path-type-4.0.0.tgz",
      "integrity": "sha1-hO0BwKe6OAr+CdkKjBgNzZ0DBDs=",
      "dev": true
    },
    "picomatch": {
      "version": "2.2.2",
      "resolved": "https://r.cnpmjs.org/picomatch/download/picomatch-2.2.2.tgz",
      "integrity": "sha1-IfMz6ba46v8CRo9RRupAbTRfTa0=",
      "dev": true
    },
    "pkcs7": {
      "version": "0.2.3",
      "resolved": "https://r.cnpmjs.org/pkcs7/download/pkcs7-0.2.3.tgz",
      "integrity": "sha1-ItYGZtAQZcXyRDkJjkpIMEUic74="
    },
    "pkg-dir": {
      "version": "4.2.0",
      "resolved": "https://r.cnpmjs.org/pkg-dir/download/pkg-dir-4.2.0.tgz",
      "integrity": "sha1-8JkTPfft5CLoHR2ESCcO6z5CYfM=",
      "dev": true,
      "requires": {
        "find-up": "^4.0.0"
      }
    },
    "process": {
      "version": "0.11.10",
      "resolved": "https://r.cnpmjs.org/process/download/process-0.11.10.tgz",
      "integrity": "sha1-czIwDoQBYb2j5podHZGn1LwW8YI="
    },
    "promise-inflight": {
      "version": "1.0.1",
      "resolved": "https://r.cnpmjs.org/promise-inflight/download/promise-inflight-1.0.1.tgz",
      "integrity": "sha1-mEcocL8igTL8vdhoEputEsPAKeM=",
      "dev": true
    },
    "punycode": {
      "version": "2.1.1",
      "resolved": "https://r.cnpmjs.org/punycode/download/punycode-2.1.1.tgz",
      "integrity": "sha1-tYsBCsQMIsVldhbI0sLALHv0eew=",
      "dev": true
    },
    "randombytes": {
      "version": "2.1.0",
      "resolved": "https://r.cnpmjs.org/randombytes/download/randombytes-2.1.0.tgz",
      "integrity": "sha1-32+ENy8CcNxlzfYpE0mrekc9Tyo=",
      "dev": true,
      "requires": {
        "safe-buffer": "^5.1.0"
      }
    },
    "regenerator-runtime": {
      "version": "0.11.1",
      "resolved": "https://r.cnpmjs.org/regenerator-runtime/download/regenerator-runtime-0.11.1.tgz",
      "integrity": "sha1-vgWtf5v30i4Fb5cmzuUBf78Z4uk="
    },
    "reusify": {
      "version": "1.0.4",
      "resolved": "https://r.cnpmjs.org/reusify/download/reusify-1.0.4.tgz",
      "integrity": "sha1-kNo4Kx4SbvwCFG6QhFqI2xKSXXY=",
      "dev": true
    },
    "rimraf": {
      "version": "3.0.2",
      "resolved": "https://r.cnpmjs.org/rimraf/download/rimraf-3.0.2.tgz",
      "integrity": "sha1-8aVAK6YiCtUswSgrrBrjqkn9Bho=",
      "dev": true,
      "requires": {
        "glob": "^7.1.3"
      }
    },
    "run-parallel": {
      "version": "1.1.9",
      "resolved": "https://r.cnpmjs.org/run-parallel/download/run-parallel-1.1.9.tgz",
      "integrity": "sha1-yd06fPn0ssS2JE4XOm7YZuYd1nk=",
      "dev": true
    },
    "rust-result": {
      "version": "1.0.0",
      "resolved": "https://r.cnpmjs.org/rust-result/download/rust-result-1.0.0.tgz",
      "integrity": "sha1-NMdbLm3Dn+WHXlveyFteD5FTb3I=",
      "requires": {
        "individual": "^2.0.0"
      }
    },
    "safe-buffer": {
      "version": "5.2.1",
      "resolved": "https://r.cnpmjs.org/safe-buffer/download/safe-buffer-5.2.1.tgz",
      "integrity": "sha1-Hq+fqb2x/dTsdfWPnNtOa3gn7sY=",
      "dev": true
    },
    "safe-json-parse": {
      "version": "4.0.0",
      "resolved": "https://r.cnpmjs.org/safe-json-parse/download/safe-json-parse-4.0.0.tgz",
      "integrity": "sha1-fA9XjPzNEtM6ccDgVBPi7KFx6qw=",
      "requires": {
        "rust-result": "^1.0.0"
      }
    },
    "schema-utils": {
      "version": "3.0.0",
      "resolved": "https://r.cnpmjs.org/schema-utils/download/schema-utils-3.0.0.tgz",
      "integrity": "sha1-Z1AvaqK2ai1AMrQnmilEl4oJE+8=",
      "dev": true,
      "requires": {
        "@types/json-schema": "^7.0.6",
        "ajv": "^6.12.5",
        "ajv-keywords": "^3.5.2"
      }
    },
    "semver": {
      "version": "6.3.0",
      "resolved": "https://r.cnpmjs.org/semver/download/semver-6.3.0.tgz",
      "integrity": "sha1-7gpkyK9ejO6mdoexM3YeG+y9HT0=",
      "dev": true
    },
    "serialize-javascript": {
      "version": "5.0.1",
      "resolved": "https://r.cnpmjs.org/serialize-javascript/download/serialize-javascript-5.0.1.tgz",
      "integrity": "sha1-eIbshIBJpGJGepfT2Rjrsqr5NPQ=",
      "dev": true,
      "requires": {
        "randombytes": "^2.1.0"
      }
    },
    "slash": {
      "version": "3.0.0",
      "resolved": "https://r.cnpmjs.org/slash/download/slash-3.0.0.tgz",
      "integrity": "sha1-ZTm+hwwWWtvVJAIg2+Nh8bxNRjQ=",
      "dev": true
    },
    "source-list-map": {
      "version": "2.0.1",
      "resolved": "https://r.cnpmjs.org/source-list-map/download/source-list-map-2.0.1.tgz",
      "integrity": "sha1-OZO9hzv8SEecyp6jpUeDXHwVSzQ=",
      "dev": true
    },
    "source-map": {
      "version": "0.6.1",
      "resolved": "https://r.cnpmjs.org/source-map/download/source-map-0.6.1.tgz",
      "integrity": "sha1-dHIq8y6WFOnCh6jQu95IteLxomM=",
      "dev": true
    },
    "ssri": {
      "version": "8.0.0",
      "resolved": "https://r.cnpmjs.org/ssri/download/ssri-8.0.0.tgz",
      "integrity": "sha1-ecp04h+M6u3fy0uQFDxFi42YiAg=",
      "dev": true,
      "requires": {
        "minipass": "^3.1.1"
      }
    },
    "tar": {
      "version": "6.0.5",
      "resolved": "https://r.cnpmjs.org/tar/download/tar-6.0.5.tgz",
      "integrity": "sha1-vegVCG4Qs58dzSmOidWW4VNeIA8=",
      "dev": true,
      "requires": {
        "chownr": "^2.0.0",
        "fs-minipass": "^2.0.0",
        "minipass": "^3.0.0",
        "minizlib": "^2.1.1",
        "mkdirp": "^1.0.3",
        "yallist": "^4.0.0"
      }
    },
    "to-regex-range": {
      "version": "5.0.1",
      "resolved": "https://r.cnpmjs.org/to-regex-range/download/to-regex-range-5.0.1.tgz",
      "integrity": "sha1-FkjESq58jZiKMmAY7XL1tN0DkuQ=",
      "dev": true,
      "requires": {
        "is-number": "^7.0.0"
      }
    },
    "tsml": {
      "version": "1.0.1",
      "resolved": "https://r.cnpmjs.org/tsml/download/tsml-1.0.1.tgz",
      "integrity": "sha1-ifghi52eJX9H1/a1bQHFpNLGj8M="
    },
    "unique-filename": {
      "version": "1.1.1",
      "resolved": "https://r.cnpmjs.org/unique-filename/download/unique-filename-1.1.1.tgz",
      "integrity": "sha1-HWl2k2mtoFgxA6HmrodoG1ZXMjA=",
      "dev": true,
      "requires": {
        "unique-slug": "^2.0.0"
      }
    },
    "unique-slug": {
      "version": "2.0.2",
      "resolved": "https://r.cnpmjs.org/unique-slug/download/unique-slug-2.0.2.tgz",
      "integrity": "sha1-uqvOkQg/xk6UWw861hPiZPfNTmw=",
      "dev": true,
      "requires": {
        "imurmurhash": "^0.1.4"
      }
    },
    "uri-js": {
      "version": "4.4.0",
      "resolved": "https://r.cnpmjs.org/uri-js/download/uri-js-4.4.0.tgz",
      "integrity": "sha1-qnFCYd55PoqCNHp7zJznTobyhgI=",
      "dev": true,
      "requires": {
        "punycode": "^2.1.0"
      }
    },
    "url-toolkit": {
      "version": "2.2.1",
      "resolved": "https://r.cnpmjs.org/url-toolkit/download/url-toolkit-2.2.1.tgz",
      "integrity": "sha1-iQCe09YqNXTeB5UypyZsFNLMHE8="
    },
    "video.js": {
      "version": "6.13.0",
      "resolved": "https://r.cnpmjs.org/video.js/download/video.js-6.13.0.tgz",
      "integrity": "sha1-+Uh9RjJzQPpI7NUTcqKYHbts3kw=",
      "requires": {
        "babel-runtime": "^6.9.2",
        "global": "4.3.2",
        "safe-json-parse": "4.0.0",
        "tsml": "1.0.1",
        "videojs-font": "2.1.0",
        "videojs-ie8": "1.1.2",
        "videojs-vtt.js": "0.12.6",
        "xhr": "2.4.0"
      },
      "dependencies": {
        "global": {
          "version": "4.3.2",
          "resolved": "https://r.cnpmjs.org/global/download/global-4.3.2.tgz",
          "integrity": "sha1-52mJJopsdMOJCLEwWxD8DjlOnQ8=",
          "requires": {
            "min-document": "^2.19.0",
            "process": "~0.5.1"
          }
        },
        "process": {
          "version": "0.5.2",
          "resolved": "https://r.cnpmjs.org/process/download/process-0.5.2.tgz",
          "integrity": "sha1-FjjYqONML0QKkduVq5rrZ3/Bhc8="
        }
      }
    },
    "videojs-contrib-hls": {
      "version": "5.15.0",
      "resolved": "https://r.cnpmjs.org/videojs-contrib-hls/download/videojs-contrib-hls-5.15.0.tgz",
      "integrity": "sha1-/klXNn5daLfSP3jtMuN6ndiSoKg=",
      "requires": {
        "aes-decrypter": "1.0.3",
        "global": "^4.3.0",
        "m3u8-parser": "2.1.0",
        "mux.js": "4.3.2",
        "url-toolkit": "^2.1.3",
        "video.js": "^5.19.1 || ^6.2.0",
        "videojs-contrib-media-sources": "4.7.2",
        "webwackify": "0.1.6"
      }
    },
    "videojs-contrib-media-sources": {
      "version": "4.7.2",
      "resolved": "https://r.cnpmjs.org/videojs-contrib-media-sources/download/videojs-contrib-media-sources-4.7.2.tgz",
      "integrity": "sha1-Ct+SkQfVt0zyyKuygkyCF35DhY4=",
      "requires": {
        "global": "^4.3.0",
        "mux.js": "4.3.2",
        "video.js": "^5.17.0 || ^6.2.0",
        "webwackify": "0.1.6"
      }
    },
    "videojs-font": {
      "version": "2.1.0",
      "resolved": "https://r.cnpmjs.org/videojs-font/download/videojs-font-2.1.0.tgz",
      "integrity": "sha1-olkwpn9snPvyu4jay4xrRR8JM3k="
    },
    "videojs-ie8": {
      "version": "1.1.2",
      "resolved": "https://r.cnpmjs.org/videojs-ie8/download/videojs-ie8-1.1.2.tgz",
      "integrity": "sha1-oj09hgitcZK2nGB3/E64SJmNNdk=",
      "requires": {
        "es5-shim": "^4.5.1"
      }
    },
    "videojs-vtt.js": {
      "version": "0.12.6",
      "resolved": "https://r.cnpmjs.org/videojs-vtt.js/download/videojs-vtt.js-0.12.6.tgz",
      "integrity": "sha1-4HhgC9qJnqpvnDMHE0zQyBGUe44=",
      "requires": {
        "global": "^4.3.1"
      }
    },
    "webpack-sources": {
      "version": "1.4.3",
      "resolved": "https://r.cnpmjs.org/webpack-sources/download/webpack-sources-1.4.3.tgz",
      "integrity": "sha1-7t2OwLko+/HL/plOItLYkPMwqTM=",
      "dev": true,
      "requires": {
        "source-list-map": "^2.0.0",
        "source-map": "~0.6.1"
      }
    },
    "webwackify": {
      "version": "0.1.6",
      "resolved": "https://r.cnpmjs.org/webwackify/download/webwackify-0.1.6.tgz",
      "integrity": "sha1-HUKhKsYYI9fjRaveCE6qpipKles="
    },
    "wrappy": {
      "version": "1.0.2",
      "resolved": "https://r.cnpmjs.org/wrappy/download/wrappy-1.0.2.tgz",
      "integrity": "sha1-tSQ9jz7BqjXxNkYFvA0QNuMKtp8=",
      "dev": true
    },
    "xhr": {
      "version": "2.4.0",
      "resolved": "https://r.cnpmjs.org/xhr/download/xhr-2.4.0.tgz",
      "integrity": "sha1-4W5mpF+GmGHu76tBbV7/ci3ECZM=",
      "requires": {
        "global": "~4.3.0",
        "is-function": "^1.0.1",
        "parse-headers": "^2.0.0",
        "xtend": "^4.0.0"
      },
      "dependencies": {
        "global": {
          "version": "4.3.2",
          "resolved": "https://r.cnpmjs.org/global/download/global-4.3.2.tgz",
          "integrity": "sha1-52mJJopsdMOJCLEwWxD8DjlOnQ8=",
          "requires": {
            "min-document": "^2.19.0",
            "process": "~0.5.1"
          }
        },
        "process": {
          "version": "0.5.2",
          "resolved": "https://r.cnpmjs.org/process/download/process-0.5.2.tgz",
          "integrity": "sha1-FjjYqONML0QKkduVq5rrZ3/Bhc8="
        }
      }
    },
    "xtend": {
      "version": "4.0.2",
      "resolved": "https://r.cnpmjs.org/xtend/download/xtend-4.0.2.tgz",
      "integrity": "sha1-u3J3n1+kZRhrH0OPZ0+jR/2121Q="
    },
    "yallist": {
      "version": "4.0.0",
      "resolved": "https://r.cnpmjs.org/yallist/download/yallist-4.0.0.tgz",
      "integrity": "sha1-m7knkNnA7/7GO+c1GeEaNQGaOnI=",
      "dev": true
    }
  }
}
